
Microsoft Visual Studio Solution File, Format Version 12.00
# Visual Studio Version 17
VisualStudioVersion = 17.4.33213.308
MinimumVisualStudioVersion = 10.0.40219.1
Project("{9A19103F-16F7-4668-BE54-9A1E7A4F7556}") = "Twilight.Platform.Kernel.Logging", "Convesys.Kernel.Logging\Twilight.Platform.Kernel.Logging.csproj", "{FF21AD0B-4D7A-44A5-ADAE-AD85075E37B6}"
EndProject
Project("{9A19103F-16F7-4668-BE54-9A1E7A4F7556}") = "Twilight.Platform.Kernel.Mime", "Convesys.Kernel.Mime\Twilight.Platform.Kernel.Mime.csproj", "{1346C9E2-DF61-40D2-A68F-0ACEC331F6AF}"
EndProject
Project("{9A19103F-16F7-4668-BE54-9A1E7A4F7556}") = "Twilight.Platform.Kernel.Smtp", "Convesys.Kernel.Smtp\Twilight.Platform.Kernel.Smtp.csproj", "{248B914C-165D-4449-9376-5E4ADEDB6186}"
EndProject
Project("{9A19103F-16F7-4668-BE54-9A1E7A4F7556}") = "Twilight.Platform.Kernel.Validation", "Convesys.Kernel.Validation\Twilight.Platform.Kernel.Validation.csproj", "{3C097722-4AAA-46EC-B9A9-739660D4227C}"
EndProject
Project("{9A19103F-16F7-4668-BE54-9A1E7A4F7556}") = "Twilight.Platform.Kernel.Data", "Convesys.Kernel.Data\Twilight.Platform.Kernel.Data.csproj", "{10DAC425-294B-4127-9E27-A3B134DCE162}"
EndProject
Project("{9A19103F-16F7-4668-BE54-9A1E7A4F7556}") = "Twilight.Platform.Kernel.Reflection", "Convesys.Kernel.Reflection\Twilight.Platform.Kernel.Reflection.csproj", "{74A7F550-01AC-4991-862B-520F2DE9ADA0}"
EndProject
Project("{9A19103F-16F7-4668-BE54-9A1E7A4F7556}") = "Twilight.Platform.Kernel.Caching", "Convesys.Kernel.Caching\Twilight.Platform.Kernel.Caching.csproj", "{F0F8007F-93E9-421E-ABC6-044FA929ADA2}"
EndProject
Project("{9A19103F-16F7-4668-BE54-9A1E7A4F7556}") = "Twilight.Platform.Kernel.Transport", "Convesys.Kernel.Transport\Twilight.Platform.Kernel.Transport.csproj", "{FE8978D3-D6BD-4B72-97D2-687CBE2476EF}"
EndProject
Project("{9A19103F-16F7-4668-BE54-9A1E7A4F7556}") = "Twilight.Platform.Kernel.Messaging", "Convesys.Kernel.Messaging\Twilight.Platform.Kernel.Messaging.csproj", "{518F63FD-35FC-4AF1-B448-294B9415B619}"
EndProject
Project("{9A19103F-16F7-4668-BE54-9A1E7A4F7556}") = "Twilight.Platform.Kernel.Message.Handling", "Convesys.Kernel.Message.Handling\Twilight.Platform.Kernel.Message.Handling.csproj", "{D9F9392D-25EA-470A-AD5F-8DF5B7B8A70B}"
EndProject
Project("{9A19103F-16F7-4668-BE54-9A1E7A4F7556}") = "Twilight.Platform.Kernel.Security", "Convesys.Kernel.Security\Twilight.Platform.Kernel.Security.csproj", "{B6F3E0E7-43DA-4D2B-A5E8-F7BEBF968EFF}"
EndProject
Project("{9A19103F-16F7-4668-BE54-9A1E7A4F7556}") = "Twilight.Platform.Kernel.Web", "Convesys.Kernel.Web\Twilight.Platform.Kernel.Web.csproj", "{4630016D-1E40-40B4-B453-4444296695F1}"
EndProject
Project("{9A19103F-16F7-4668-BE54-9A1E7A4F7556}") = "Twilight.Platform.Kernel.Cryptography", "Convesys.Kernel.Cryptography\Twilight.Platform.Kernel.Cryptography.csproj", "{7F674D0F-BFA1-4164-BC48-95CD8FAEB551}"
EndProject
Project("{9A19103F-16F7-4668-BE54-9A1E7A4F7556}") = "Twilight.Platform.Kernel.Authentication", "Convesys.Kernel.Authentication\Twilight.Platform.Kernel.Authentication.csproj", "{E4A9172E-CF8D-4670-A031-91B58E6E364D}"
EndProject
Project("{9A19103F-16F7-4668-BE54-9A1E7A4F7556}") = "Twilight.Platform.Kernel.Authorisation", "Convesys.Kernel.Authorisation\Twilight.Platform.Kernel.Authorisation.csproj", "{357C2D97-D4A4-4D70-8948-090485F7BFE2}"
EndProject
Project("{9A19103F-16F7-4668-BE54-9A1E7A4F7556}") = "Twilight.Platform.Kernel.Identity", "Convesys.Kernel.Identity\Twilight.Platform.Kernel.Identity.csproj", "{7BDF5183-FABB-4F78-B92E-487851C8ED24}"
EndProject
Project("{9A19103F-16F7-4668-BE54-9A1E7A4F7556}") = "Twilight.Platform.Kernel.Projections", "Convesys.Kernel.Projection\Twilight.Platform.Kernel.Projections.csproj", "{89634270-64F0-47E5-917C-19DE761AAAD5}"
EndProject
Project("{9A19103F-16F7-4668-BE54-9A1E7A4F7556}") = "Twilight.Platform.Kernel.Cryptography.Tests.L0", "Convesys.Kernel.Cryptography.Tests.L0\Twilight.Platform.Kernel.Cryptography.Tests.L0.csproj", "{7269658B-C908-4CC2-8FA4-8C81656036A3}"
EndProject
Project("{9A19103F-16F7-4668-BE54-9A1E7A4F7556}") = "Twilight.Platform.Kernel.Mime.Tests.L0", "Convesys.Kernel.Mime.Tests.L0\Twilight.Platform.Kernel.Mime.Tests.L0.csproj", "{F0AB0BFB-3C6B-43C1-9AD2-786A0D47D885}"
EndProject
Project("{9A19103F-16F7-4668-BE54-9A1E7A4F7556}") = "Twilight.Platform.Kernel.Reflection.Tests.L0", "Convesys.Kernel.Reflection.Tests.L0\Twilight.Platform.Kernel.Reflection.Tests.L0.csproj", "{0490FA82-0711-4A40-928A-09AB2F3D2ECE}"
EndProject
Project("{9A19103F-16F7-4668-BE54-9A1E7A4F7556}") = "Twilight.Platform.Kernel.Tests.L0", "Convesys.Kernel.Tests.L0\Twilight.Platform.Kernel.Tests.L0.csproj", "{DAD64451-3784-46D4-8CE6-296826A1B078}"
EndProject
Project("{9A19103F-16F7-4668-BE54-9A1E7A4F7556}") = "Twilight.Platform.Kernel.Tenancy", "Convesys.Kernel.Tenancy\Twilight.Platform.Kernel.Tenancy.csproj", "{F34276B5-697B-40E6-B216-4745A7966A8A}"
EndProject
Project("{9A19103F-16F7-4668-BE54-9A1E7A4F7556}") = "Twilight.Platform.Kernel.Communication.Common", "Convesys.Kernel.Communication.Common\Twilight.Platform.Kernel.Communication.Common.csproj", "{12B83224-2ED8-43AD-9922-8F321458FE87}"
EndProject
Project("{9A19103F-16F7-4668-BE54-9A1E7A4F7556}") = "Twilight.Platform.Kernel.Hardware", "Convesys.Kernel.Hardware\Twilight.Platform.Kernel.Hardware.csproj", "{71D5A4BF-6C19-4C7E-91F2-3D10992701DD}"
EndProject
Project("{9A19103F-16F7-4668-BE54-9A1E7A4F7556}") = "Twilight.Platform.Kernel.Cryptography.Tests.L1", "Convesys.Kernel.Cryptography.Tests.L1\Twilight.Platform.Kernel.Cryptography.Tests.L1.csproj", "{0769FDE6-F8E0-43EC-980E-B4AFB5046831}"
EndProject
Project("{9A19103F-16F7-4668-BE54-9A1E7A4F7556}") = "Twilight.Platform.Kernel.Cryptography.Tests.L2", "Convesys.Kernel.Cryptography.Tests.L2\Twilight.Platform.Kernel.Cryptography.Tests.L2.csproj", "{1284CB6A-ED32-4F11-9698-B4BCCA6C31CB}"
EndProject
Project("{9A19103F-16F7-4668-BE54-9A1E7A4F7556}") = "Twilight.Platform.Kernel.Cryptography.Tools", "Convesys.Kernel.Cryptography.Tools\Twilight.Platform.Kernel.Cryptography.Tools.csproj", "{223FD9E8-D0E0-4CED-9274-1C78A2752AD1}"
EndProject
Project("{9A19103F-16F7-4668-BE54-9A1E7A4F7556}") = "Twilight.Platform.Kernel.Spatial", "Convesys.Kernel.Spatial\Twilight.Platform.Kernel.Spatial.csproj", "{E2C1F335-F08C-411B-A17D-4B0FA70ED2D3}"
EndProject
Project("{9A19103F-16F7-4668-BE54-9A1E7A4F7556}") = "Twilight.Platform.Kernel.Kernel", "Convesys.Kernel\Twilight.Platform.Kernel.Kernel.csproj", "{1740855A-EE40-4535-94C9-607DC207FC41}"
EndProject
Project("{9A19103F-16F7-4668-BE54-9A1E7A4F7556}") = "Twilight.Platform.Kernel.Communication.Connection", "Convesys.Kernel.Communication.Connection\Twilight.Platform.Kernel.Communication.Connection.csproj", "{BBA84F4A-4CD6-4B2E-8A36-2D093FA53C2D}"
EndProject
Project("{9A19103F-16F7-4668-BE54-9A1E7A4F7556}") = "Twilight.Platform.Kernel.Configuration", "Convesys.Kernel.Configuration\Twilight.Platform.Kernel.Configuration.csproj", "{B730DB97-94EE-4C25-93C4-31238F63CD1B}"
EndProject
Project("{9A19103F-16F7-4668-BE54-9A1E7A4F7556}") = "Twilight.Platform.Kernel.Communication.Protocols", "Convesys.Kernel.Communication.Protocols\Twilight.Platform.Kernel.Communication.Protocols.csproj", "{61C0E0BB-F724-4C16-9635-95DD359EDBE2}"
EndProject
Global
	GlobalSection(SolutionConfigurationPlatforms) = preSolution
		Debug|Any CPU = Debug|Any CPU
		Debug|x86 = Debug|x86
		Release|Any CPU = Release|Any CPU
		Release|x86 = Release|x86
	EndGlobalSection
	GlobalSection(ProjectConfigurationPlatforms) = postSolution
		{FF21AD0B-4D7A-44A5-ADAE-AD85075E37B6}.Debug|Any CPU.ActiveCfg = Debug|Any CPU
		{FF21AD0B-4D7A-44A5-ADAE-AD85075E37B6}.Debug|Any CPU.Build.0 = Debug|Any CPU
		{FF21AD0B-4D7A-44A5-ADAE-AD85075E37B6}.Debug|x86.ActiveCfg = Debug|Any CPU
		{FF21AD0B-4D7A-44A5-ADAE-AD85075E37B6}.Debug|x86.Build.0 = Debug|Any CPU
		{FF21AD0B-4D7A-44A5-ADAE-AD85075E37B6}.Release|Any CPU.ActiveCfg = Release|Any CPU
		{FF21AD0B-4D7A-44A5-ADAE-AD85075E37B6}.Release|Any CPU.Build.0 = Release|Any CPU
		{FF21AD0B-4D7A-44A5-ADAE-AD85075E37B6}.Release|x86.ActiveCfg = Release|Any CPU
		{FF21AD0B-4D7A-44A5-ADAE-AD85075E37B6}.Release|x86.Build.0 = Release|Any CPU
		{1346C9E2-DF61-40D2-A68F-0ACEC331F6AF}.Debug|Any CPU.ActiveCfg = Debug|Any CPU
		{1346C9E2-DF61-40D2-A68F-0ACEC331F6AF}.Debug|Any CPU.Build.0 = Debug|Any CPU
		{1346C9E2-DF61-40D2-A68F-0ACEC331F6AF}.Debug|x86.ActiveCfg = Debug|Any CPU
		{1346C9E2-DF61-40D2-A68F-0ACEC331F6AF}.Debug|x86.Build.0 = Debug|Any CPU
		{1346C9E2-DF61-40D2-A68F-0ACEC331F6AF}.Release|Any CPU.ActiveCfg = Release|Any CPU
		{1346C9E2-DF61-40D2-A68F-0ACEC331F6AF}.Release|Any CPU.Build.0 = Release|Any CPU
		{1346C9E2-DF61-40D2-A68F-0ACEC331F6AF}.Release|x86.ActiveCfg = Release|Any CPU
		{1346C9E2-DF61-40D2-A68F-0ACEC331F6AF}.Release|x86.Build.0 = Release|Any CPU
		{248B914C-165D-4449-9376-5E4ADEDB6186}.Debug|Any CPU.ActiveCfg = Debug|Any CPU
		{248B914C-165D-4449-9376-5E4ADEDB6186}.Debug|Any CPU.Build.0 = Debug|Any CPU
		{248B914C-165D-4449-9376-5E4ADEDB6186}.Debug|x86.ActiveCfg = Debug|Any CPU
		{248B914C-165D-4449-9376-5E4ADEDB6186}.Debug|x86.Build.0 = Debug|Any CPU
		{248B914C-165D-4449-9376-5E4ADEDB6186}.Release|Any CPU.ActiveCfg = Release|Any CPU
		{248B914C-165D-4449-9376-5E4ADEDB6186}.Release|Any CPU.Build.0 = Release|Any CPU
		{248B914C-165D-4449-9376-5E4ADEDB6186}.Release|x86.ActiveCfg = Release|Any CPU
		{248B914C-165D-4449-9376-5E4ADEDB6186}.Release|x86.Build.0 = Release|Any CPU
		{3C097722-4AAA-46EC-B9A9-739660D4227C}.Debug|Any CPU.ActiveCfg = Debug|Any CPU
		{3C097722-4AAA-46EC-B9A9-739660D4227C}.Debug|Any CPU.Build.0 = Debug|Any CPU
		{3C097722-4AAA-46EC-B9A9-739660D4227C}.Debug|x86.ActiveCfg = Debug|Any CPU
		{3C097722-4AAA-46EC-B9A9-739660D4227C}.Debug|x86.Build.0 = Debug|Any CPU
		{3C097722-4AAA-46EC-B9A9-739660D4227C}.Release|Any CPU.ActiveCfg = Release|Any CPU
		{3C097722-4AAA-46EC-B9A9-739660D4227C}.Release|Any CPU.Build.0 = Release|Any CPU
		{3C097722-4AAA-46EC-B9A9-739660D4227C}.Release|x86.ActiveCfg = Release|Any CPU
		{3C097722-4AAA-46EC-B9A9-739660D4227C}.Release|x86.Build.0 = Release|Any CPU
		{10DAC425-294B-4127-9E27-A3B134DCE162}.Debug|Any CPU.ActiveCfg = Debug|Any CPU
		{10DAC425-294B-4127-9E27-A3B134DCE162}.Debug|Any CPU.Build.0 = Debug|Any CPU
		{10DAC425-294B-4127-9E27-A3B134DCE162}.Debug|x86.ActiveCfg = Debug|Any CPU
		{10DAC425-294B-4127-9E27-A3B134DCE162}.Debug|x86.Build.0 = Debug|Any CPU
		{10DAC425-294B-4127-9E27-A3B134DCE162}.Release|Any CPU.ActiveCfg = Release|Any CPU
		{10DAC425-294B-4127-9E27-A3B134DCE162}.Release|Any CPU.Build.0 = Release|Any CPU
		{10DAC425-294B-4127-9E27-A3B134DCE162}.Release|x86.ActiveCfg = Release|Any CPU
		{10DAC425-294B-4127-9E27-A3B134DCE162}.Release|x86.Build.0 = Release|Any CPU
		{74A7F550-01AC-4991-862B-520F2DE9ADA0}.Debug|Any CPU.ActiveCfg = Debug|Any CPU
		{74A7F550-01AC-4991-862B-520F2DE9ADA0}.Debug|Any CPU.Build.0 = Debug|Any CPU
		{74A7F550-01AC-4991-862B-520F2DE9ADA0}.Debug|x86.ActiveCfg = Debug|Any CPU
		{74A7F550-01AC-4991-862B-520F2DE9ADA0}.Debug|x86.Build.0 = Debug|Any CPU
		{74A7F550-01AC-4991-862B-520F2DE9ADA0}.Release|Any CPU.ActiveCfg = Release|Any CPU
		{74A7F550-01AC-4991-862B-520F2DE9ADA0}.Release|Any CPU.Build.0 = Release|Any CPU
		{74A7F550-01AC-4991-862B-520F2DE9ADA0}.Release|x86.ActiveCfg = Release|Any CPU
		{74A7F550-01AC-4991-862B-520F2DE9ADA0}.Release|x86.Build.0 = Release|Any CPU
		{F0F8007F-93E9-421E-ABC6-044FA929ADA2}.Debug|Any CPU.ActiveCfg = Debug|Any CPU
		{F0F8007F-93E9-421E-ABC6-044FA929ADA2}.Debug|Any CPU.Build.0 = Debug|Any CPU
		{F0F8007F-93E9-421E-ABC6-044FA929ADA2}.Debug|x86.ActiveCfg = Debug|Any CPU
		{F0F8007F-93E9-421E-ABC6-044FA929ADA2}.Debug|x86.Build.0 = Debug|Any CPU
		{F0F8007F-93E9-421E-ABC6-044FA929ADA2}.Release|Any CPU.ActiveCfg = Release|Any CPU
		{F0F8007F-93E9-421E-ABC6-044FA929ADA2}.Release|Any CPU.Build.0 = Release|Any CPU
		{F0F8007F-93E9-421E-ABC6-044FA929ADA2}.Release|x86.ActiveCfg = Release|Any CPU
		{F0F8007F-93E9-421E-ABC6-044FA929ADA2}.Release|x86.Build.0 = Release|Any CPU
		{FE8978D3-D6BD-4B72-97D2-687CBE2476EF}.Debug|Any CPU.ActiveCfg = Debug|Any CPU
		{FE8978D3-D6BD-4B72-97D2-687CBE2476EF}.Debug|Any CPU.Build.0 = Debug|Any CPU
		{FE8978D3-D6BD-4B72-97D2-687CBE2476EF}.Debug|x86.ActiveCfg = Debug|Any CPU
		{FE8978D3-D6BD-4B72-97D2-687CBE2476EF}.Debug|x86.Build.0 = Debug|Any CPU
		{FE8978D3-D6BD-4B72-97D2-687CBE2476EF}.Release|Any CPU.ActiveCfg = Release|Any CPU
		{FE8978D3-D6BD-4B72-97D2-687CBE2476EF}.Release|Any CPU.Build.0 = Release|Any CPU
		{FE8978D3-D6BD-4B72-97D2-687CBE2476EF}.Release|x86.ActiveCfg = Release|Any CPU
		{FE8978D3-D6BD-4B72-97D2-687CBE2476EF}.Release|x86.Build.0 = Release|Any CPU
		{518F63FD-35FC-4AF1-B448-294B9415B619}.Debug|Any CPU.ActiveCfg = Debug|Any CPU
		{518F63FD-35FC-4AF1-B448-294B9415B619}.Debug|Any CPU.Build.0 = Debug|Any CPU
		{518F63FD-35FC-4AF1-B448-294B9415B619}.Debug|x86.ActiveCfg = Debug|Any CPU
		{518F63FD-35FC-4AF1-B448-294B9415B619}.Debug|x86.Build.0 = Debug|Any CPU
		{518F63FD-35FC-4AF1-B448-294B9415B619}.Release|Any CPU.ActiveCfg = Release|Any CPU
		{518F63FD-35FC-4AF1-B448-294B9415B619}.Release|Any CPU.Build.0 = Release|Any CPU
		{518F63FD-35FC-4AF1-B448-294B9415B619}.Release|x86.ActiveCfg = Release|Any CPU
		{518F63FD-35FC-4AF1-B448-294B9415B619}.Release|x86.Build.0 = Release|Any CPU
		{D9F9392D-25EA-470A-AD5F-8DF5B7B8A70B}.Debug|Any CPU.ActiveCfg = Debug|Any CPU
		{D9F9392D-25EA-470A-AD5F-8DF5B7B8A70B}.Debug|Any CPU.Build.0 = Debug|Any CPU
		{D9F9392D-25EA-470A-AD5F-8DF5B7B8A70B}.Debug|x86.ActiveCfg = Debug|Any CPU
		{D9F9392D-25EA-470A-AD5F-8DF5B7B8A70B}.Debug|x86.Build.0 = Debug|Any CPU
		{D9F9392D-25EA-470A-AD5F-8DF5B7B8A70B}.Release|Any CPU.ActiveCfg = Release|Any CPU
		{D9F9392D-25EA-470A-AD5F-8DF5B7B8A70B}.Release|Any CPU.Build.0 = Release|Any CPU
		{D9F9392D-25EA-470A-AD5F-8DF5B7B8A70B}.Release|x86.ActiveCfg = Release|Any CPU
		{D9F9392D-25EA-470A-AD5F-8DF5B7B8A70B}.Release|x86.Build.0 = Release|Any CPU
		{B6F3E0E7-43DA-4D2B-A5E8-F7BEBF968EFF}.Debug|Any CPU.ActiveCfg = Debug|Any CPU
		{B6F3E0E7-43DA-4D2B-A5E8-F7BEBF968EFF}.Debug|Any CPU.Build.0 = Debug|Any CPU
		{B6F3E0E7-43DA-4D2B-A5E8-F7BEBF968EFF}.Debug|x86.ActiveCfg = Debug|Any CPU
		{B6F3E0E7-43DA-4D2B-A5E8-F7BEBF968EFF}.Debug|x86.Build.0 = Debug|Any CPU
		{B6F3E0E7-43DA-4D2B-A5E8-F7BEBF968EFF}.Release|Any CPU.ActiveCfg = Release|Any CPU
		{B6F3E0E7-43DA-4D2B-A5E8-F7BEBF968EFF}.Release|Any CPU.Build.0 = Release|Any CPU
		{B6F3E0E7-43DA-4D2B-A5E8-F7BEBF968EFF}.Release|x86.ActiveCfg = Release|Any CPU
		{B6F3E0E7-43DA-4D2B-A5E8-F7BEBF968EFF}.Release|x86.Build.0 = Release|Any CPU
		{4630016D-1E40-40B4-B453-4444296695F1}.Debug|Any CPU.ActiveCfg = Debug|Any CPU
		{4630016D-1E40-40B4-B453-4444296695F1}.Debug|Any CPU.Build.0 = Debug|Any CPU
		{4630016D-1E40-40B4-B453-4444296695F1}.Debug|x86.ActiveCfg = Debug|Any CPU
		{4630016D-1E40-40B4-B453-4444296695F1}.Debug|x86.Build.0 = Debug|Any CPU
		{4630016D-1E40-40B4-B453-4444296695F1}.Release|Any CPU.ActiveCfg = Release|Any CPU
		{4630016D-1E40-40B4-B453-4444296695F1}.Release|Any CPU.Build.0 = Release|Any CPU
		{4630016D-1E40-40B4-B453-4444296695F1}.Release|x86.ActiveCfg = Release|Any CPU
		{4630016D-1E40-40B4-B453-4444296695F1}.Release|x86.Build.0 = Release|Any CPU
		{7F674D0F-BFA1-4164-BC48-95CD8FAEB551}.Debug|Any CPU.ActiveCfg = Debug|Any CPU
		{7F674D0F-BFA1-4164-BC48-95CD8FAEB551}.Debug|Any CPU.Build.0 = Debug|Any CPU
		{7F674D0F-BFA1-4164-BC48-95CD8FAEB551}.Debug|x86.ActiveCfg = Debug|Any CPU
		{7F674D0F-BFA1-4164-BC48-95CD8FAEB551}.Debug|x86.Build.0 = Debug|Any CPU
		{7F674D0F-BFA1-4164-BC48-95CD8FAEB551}.Release|Any CPU.ActiveCfg = Release|Any CPU
		{7F674D0F-BFA1-4164-BC48-95CD8FAEB551}.Release|Any CPU.Build.0 = Release|Any CPU
		{7F674D0F-BFA1-4164-BC48-95CD8FAEB551}.Release|x86.ActiveCfg = Release|Any CPU
		{7F674D0F-BFA1-4164-BC48-95CD8FAEB551}.Release|x86.Build.0 = Release|Any CPU
		{E4A9172E-CF8D-4670-A031-91B58E6E364D}.Debug|Any CPU.ActiveCfg = Debug|Any CPU
		{E4A9172E-CF8D-4670-A031-91B58E6E364D}.Debug|Any CPU.Build.0 = Debug|Any CPU
		{E4A9172E-CF8D-4670-A031-91B58E6E364D}.Debug|x86.ActiveCfg = Debug|Any CPU
		{E4A9172E-CF8D-4670-A031-91B58E6E364D}.Debug|x86.Build.0 = Debug|Any CPU
		{E4A9172E-CF8D-4670-A031-91B58E6E364D}.Release|Any CPU.ActiveCfg = Release|Any CPU
		{E4A9172E-CF8D-4670-A031-91B58E6E364D}.Release|Any CPU.Build.0 = Release|Any CPU
		{E4A9172E-CF8D-4670-A031-91B58E6E364D}.Release|x86.ActiveCfg = Release|Any CPU
		{E4A9172E-CF8D-4670-A031-91B58E6E364D}.Release|x86.Build.0 = Release|Any CPU
		{357C2D97-D4A4-4D70-8948-090485F7BFE2}.Debug|Any CPU.ActiveCfg = Debug|Any CPU
		{357C2D97-D4A4-4D70-8948-090485F7BFE2}.Debug|Any CPU.Build.0 = Debug|Any CPU
		{357C2D97-D4A4-4D70-8948-090485F7BFE2}.Debug|x86.ActiveCfg = Debug|Any CPU
		{357C2D97-D4A4-4D70-8948-090485F7BFE2}.Debug|x86.Build.0 = Debug|Any CPU
		{357C2D97-D4A4-4D70-8948-090485F7BFE2}.Release|Any CPU.ActiveCfg = Release|Any CPU
		{357C2D97-D4A4-4D70-8948-090485F7BFE2}.Release|Any CPU.Build.0 = Release|Any CPU
		{357C2D97-D4A4-4D70-8948-090485F7BFE2}.Release|x86.ActiveCfg = Release|Any CPU
		{357C2D97-D4A4-4D70-8948-090485F7BFE2}.Release|x86.Build.0 = Release|Any CPU
		{7BDF5183-FABB-4F78-B92E-487851C8ED24}.Debug|Any CPU.ActiveCfg = Debug|Any CPU
		{7BDF5183-FABB-4F78-B92E-487851C8ED24}.Debug|Any CPU.Build.0 = Debug|Any CPU
		{7BDF5183-FABB-4F78-B92E-487851C8ED24}.Debug|x86.ActiveCfg = Debug|Any CPU
		{7BDF5183-FABB-4F78-B92E-487851C8ED24}.Debug|x86.Build.0 = Debug|Any CPU
		{7BDF5183-FABB-4F78-B92E-487851C8ED24}.Release|Any CPU.ActiveCfg = Release|Any CPU
		{7BDF5183-FABB-4F78-B92E-487851C8ED24}.Release|Any CPU.Build.0 = Release|Any CPU
		{7BDF5183-FABB-4F78-B92E-487851C8ED24}.Release|x86.ActiveCfg = Release|Any CPU
		{7BDF5183-FABB-4F78-B92E-487851C8ED24}.Release|x86.Build.0 = Release|Any CPU
		{89634270-64F0-47E5-917C-19DE761AAAD5}.Debug|Any CPU.ActiveCfg = Debug|Any CPU
		{89634270-64F0-47E5-917C-19DE761AAAD5}.Debug|Any CPU.Build.0 = Debug|Any CPU
		{89634270-64F0-47E5-917C-19DE761AAAD5}.Debug|x86.ActiveCfg = Debug|Any CPU
		{89634270-64F0-47E5-917C-19DE761AAAD5}.Debug|x86.Build.0 = Debug|Any CPU
		{89634270-64F0-47E5-917C-19DE761AAAD5}.Release|Any CPU.ActiveCfg = Release|Any CPU
		{89634270-64F0-47E5-917C-19DE761AAAD5}.Release|Any CPU.Build.0 = Release|Any CPU
		{89634270-64F0-47E5-917C-19DE761AAAD5}.Release|x86.ActiveCfg = Release|Any CPU
		{89634270-64F0-47E5-917C-19DE761AAAD5}.Release|x86.Build.0 = Release|Any CPU
		{7269658B-C908-4CC2-8FA4-8C81656036A3}.Debug|Any CPU.ActiveCfg = Debug|Any CPU
		{7269658B-C908-4CC2-8FA4-8C81656036A3}.Debug|Any CPU.Build.0 = Debug|Any CPU
		{7269658B-C908-4CC2-8FA4-8C81656036A3}.Debug|x86.ActiveCfg = Debug|Any CPU
		{7269658B-C908-4CC2-8FA4-8C81656036A3}.Debug|x86.Build.0 = Debug|Any CPU
		{7269658B-C908-4CC2-8FA4-8C81656036A3}.Release|Any CPU.ActiveCfg = Release|Any CPU
		{7269658B-C908-4CC2-8FA4-8C81656036A3}.Release|Any CPU.Build.0 = Release|Any CPU
		{7269658B-C908-4CC2-8FA4-8C81656036A3}.Release|x86.ActiveCfg = Release|Any CPU
		{7269658B-C908-4CC2-8FA4-8C81656036A3}.Release|x86.Build.0 = Release|Any CPU
		{F0AB0BFB-3C6B-43C1-9AD2-786A0D47D885}.Debug|Any CPU.ActiveCfg = Debug|Any CPU
		{F0AB0BFB-3C6B-43C1-9AD2-786A0D47D885}.Debug|Any CPU.Build.0 = Debug|Any CPU
		{F0AB0BFB-3C6B-43C1-9AD2-786A0D47D885}.Debug|x86.ActiveCfg = Debug|Any CPU
		{F0AB0BFB-3C6B-43C1-9AD2-786A0D47D885}.Debug|x86.Build.0 = Debug|Any CPU
		{F0AB0BFB-3C6B-43C1-9AD2-786A0D47D885}.Release|Any CPU.ActiveCfg = Release|Any CPU
		{F0AB0BFB-3C6B-43C1-9AD2-786A0D47D885}.Release|Any CPU.Build.0 = Release|Any CPU
		{F0AB0BFB-3C6B-43C1-9AD2-786A0D47D885}.Release|x86.ActiveCfg = Release|Any CPU
		{F0AB0BFB-3C6B-43C1-9AD2-786A0D47D885}.Release|x86.Build.0 = Release|Any CPU
		{0490FA82-0711-4A40-928A-09AB2F3D2ECE}.Debug|Any CPU.ActiveCfg = Debug|Any CPU
		{0490FA82-0711-4A40-928A-09AB2F3D2ECE}.Debug|Any CPU.Build.0 = Debug|Any CPU
		{0490FA82-0711-4A40-928A-09AB2F3D2ECE}.Debug|x86.ActiveCfg = Debug|Any CPU
		{0490FA82-0711-4A40-928A-09AB2F3D2ECE}.Debug|x86.Build.0 = Debug|Any CPU
		{0490FA82-0711-4A40-928A-09AB2F3D2ECE}.Release|Any CPU.ActiveCfg = Release|Any CPU
		{0490FA82-0711-4A40-928A-09AB2F3D2ECE}.Release|Any CPU.Build.0 = Release|Any CPU
		{0490FA82-0711-4A40-928A-09AB2F3D2ECE}.Release|x86.ActiveCfg = Release|Any CPU
		{0490FA82-0711-4A40-928A-09AB2F3D2ECE}.Release|x86.Build.0 = Release|Any CPU
		{DAD64451-3784-46D4-8CE6-296826A1B078}.Debug|Any CPU.ActiveCfg = Debug|Any CPU
		{DAD64451-3784-46D4-8CE6-296826A1B078}.Debug|Any CPU.Build.0 = Debug|Any CPU
		{DAD64451-3784-46D4-8CE6-296826A1B078}.Debug|x86.ActiveCfg = Debug|Any CPU
		{DAD64451-3784-46D4-8CE6-296826A1B078}.Debug|x86.Build.0 = Debug|Any CPU
		{DAD64451-3784-46D4-8CE6-296826A1B078}.Release|Any CPU.ActiveCfg = Release|Any CPU
		{DAD64451-3784-46D4-8CE6-296826A1B078}.Release|Any CPU.Build.0 = Release|Any CPU
		{DAD64451-3784-46D4-8CE6-296826A1B078}.Release|x86.ActiveCfg = Release|Any CPU
		{DAD64451-3784-46D4-8CE6-296826A1B078}.Release|x86.Build.0 = Release|Any CPU
		{F34276B5-697B-40E6-B216-4745A7966A8A}.Debug|Any CPU.ActiveCfg = Debug|Any CPU
		{F34276B5-697B-40E6-B216-4745A7966A8A}.Debug|Any CPU.Build.0 = Debug|Any CPU
		{F34276B5-697B-40E6-B216-4745A7966A8A}.Debug|x86.ActiveCfg = Debug|Any CPU
		{F34276B5-697B-40E6-B216-4745A7966A8A}.Debug|x86.Build.0 = Debug|Any CPU
		{F34276B5-697B-40E6-B216-4745A7966A8A}.Release|Any CPU.ActiveCfg = Release|Any CPU
		{F34276B5-697B-40E6-B216-4745A7966A8A}.Release|Any CPU.Build.0 = Release|Any CPU
		{F34276B5-697B-40E6-B216-4745A7966A8A}.Release|x86.ActiveCfg = Release|Any CPU
		{F34276B5-697B-40E6-B216-4745A7966A8A}.Release|x86.Build.0 = Release|Any CPU
		{12B83224-2ED8-43AD-9922-8F321458FE87}.Debug|Any CPU.ActiveCfg = Debug|Any CPU
		{12B83224-2ED8-43AD-9922-8F321458FE87}.Debug|Any CPU.Build.0 = Debug|Any CPU
		{12B83224-2ED8-43AD-9922-8F321458FE87}.Debug|x86.ActiveCfg = Debug|Any CPU
		{12B83224-2ED8-43AD-9922-8F321458FE87}.Debug|x86.Build.0 = Debug|Any CPU
		{12B83224-2ED8-43AD-9922-8F321458FE87}.Release|Any CPU.ActiveCfg = Release|Any CPU
		{12B83224-2ED8-43AD-9922-8F321458FE87}.Release|Any CPU.Build.0 = Release|Any CPU
		{12B83224-2ED8-43AD-9922-8F321458FE87}.Release|x86.ActiveCfg = Release|Any CPU
		{12B83224-2ED8-43AD-9922-8F321458FE87}.Release|x86.Build.0 = Release|Any CPU
		{71D5A4BF-6C19-4C7E-91F2-3D10992701DD}.Debug|Any CPU.ActiveCfg = Debug|Any CPU
		{71D5A4BF-6C19-4C7E-91F2-3D10992701DD}.Debug|Any CPU.Build.0 = Debug|Any CPU
		{71D5A4BF-6C19-4C7E-91F2-3D10992701DD}.Debug|x86.ActiveCfg = Debug|Any CPU
		{71D5A4BF-6C19-4C7E-91F2-3D10992701DD}.Debug|x86.Build.0 = Debug|Any CPU
		{71D5A4BF-6C19-4C7E-91F2-3D10992701DD}.Release|Any CPU.ActiveCfg = Release|Any CPU
		{71D5A4BF-6C19-4C7E-91F2-3D10992701DD}.Release|Any CPU.Build.0 = Release|Any CPU
		{71D5A4BF-6C19-4C7E-91F2-3D10992701DD}.Release|x86.ActiveCfg = Release|Any CPU
		{71D5A4BF-6C19-4C7E-91F2-3D10992701DD}.Release|x86.Build.0 = Release|Any CPU
		{0769FDE6-F8E0-43EC-980E-B4AFB5046831}.Debug|Any CPU.ActiveCfg = Debug|Any CPU
		{0769FDE6-F8E0-43EC-980E-B4AFB5046831}.Debug|Any CPU.Build.0 = Debug|Any CPU
		{0769FDE6-F8E0-43EC-980E-B4AFB5046831}.Debug|x86.ActiveCfg = Debug|Any CPU
		{0769FDE6-F8E0-43EC-980E-B4AFB5046831}.Debug|x86.Build.0 = Debug|Any CPU
		{0769FDE6-F8E0-43EC-980E-B4AFB5046831}.Release|Any CPU.ActiveCfg = Release|Any CPU
		{0769FDE6-F8E0-43EC-980E-B4AFB5046831}.Release|Any CPU.Build.0 = Release|Any CPU
		{0769FDE6-F8E0-43EC-980E-B4AFB5046831}.Release|x86.ActiveCfg = Release|Any CPU
		{0769FDE6-F8E0-43EC-980E-B4AFB5046831}.Release|x86.Build.0 = Release|Any CPU
		{1284CB6A-ED32-4F11-9698-B4BCCA6C31CB}.Debug|Any CPU.ActiveCfg = Debug|Any CPU
		{1284CB6A-ED32-4F11-9698-B4BCCA6C31CB}.Debug|Any CPU.Build.0 = Debug|Any CPU
		{1284CB6A-ED32-4F11-9698-B4BCCA6C31CB}.Debug|x86.ActiveCfg = Debug|Any CPU
		{1284CB6A-ED32-4F11-9698-B4BCCA6C31CB}.Debug|x86.Build.0 = Debug|Any CPU
		{1284CB6A-ED32-4F11-9698-B4BCCA6C31CB}.Release|Any CPU.ActiveCfg = Release|Any CPU
		{1284CB6A-ED32-4F11-9698-B4BCCA6C31CB}.Release|Any CPU.Build.0 = Release|Any CPU
		{1284CB6A-ED32-4F11-9698-B4BCCA6C31CB}.Release|x86.ActiveCfg = Release|Any CPU
		{1284CB6A-ED32-4F11-9698-B4BCCA6C31CB}.Release|x86.Build.0 = Release|Any CPU
		{223FD9E8-D0E0-4CED-9274-1C78A2752AD1}.Debug|Any CPU.ActiveCfg = Debug|Any CPU
		{223FD9E8-D0E0-4CED-9274-1C78A2752AD1}.Debug|Any CPU.Build.0 = Debug|Any CPU
		{223FD9E8-D0E0-4CED-9274-1C78A2752AD1}.Debug|x86.ActiveCfg = Debug|Any CPU
		{223FD9E8-D0E0-4CED-9274-1C78A2752AD1}.Debug|x86.Build.0 = Debug|Any CPU
		{223FD9E8-D0E0-4CED-9274-1C78A2752AD1}.Release|Any CPU.ActiveCfg = Release|Any CPU
		{223FD9E8-D0E0-4CED-9274-1C78A2752AD1}.Release|Any CPU.Build.0 = Release|Any CPU
		{223FD9E8-D0E0-4CED-9274-1C78A2752AD1}.Release|x86.ActiveCfg = Release|Any CPU
		{223FD9E8-D0E0-4CED-9274-1C78A2752AD1}.Release|x86.Build.0 = Release|Any CPU
		{E2C1F335-F08C-411B-A17D-4B0FA70ED2D3}.Debug|Any CPU.ActiveCfg = Debug|Any CPU
		{E2C1F335-F08C-411B-A17D-4B0FA70ED2D3}.Debug|Any CPU.Build.0 = Debug|Any CPU
		{E2C1F335-F08C-411B-A17D-4B0FA70ED2D3}.Debug|x86.ActiveCfg = Debug|Any CPU
		{E2C1F335-F08C-411B-A17D-4B0FA70ED2D3}.Debug|x86.Build.0 = Debug|Any CPU
		{E2C1F335-F08C-411B-A17D-4B0FA70ED2D3}.Release|Any CPU.ActiveCfg = Release|Any CPU
		{E2C1F335-F08C-411B-A17D-4B0FA70ED2D3}.Release|Any CPU.Build.0 = Release|Any CPU
		{E2C1F335-F08C-411B-A17D-4B0FA70ED2D3}.Release|x86.ActiveCfg = Release|Any CPU
		{E2C1F335-F08C-411B-A17D-4B0FA70ED2D3}.Release|x86.Build.0 = Release|Any CPU
		{1740855A-EE40-4535-94C9-607DC207FC41}.Debug|Any CPU.ActiveCfg = Debug|Any CPU
		{1740855A-EE40-4535-94C9-607DC207FC41}.Debug|Any CPU.Build.0 = Debug|Any CPU
		{1740855A-EE40-4535-94C9-607DC207FC41}.Debug|x86.ActiveCfg = Debug|Any CPU
		{1740855A-EE40-4535-94C9-607DC207FC41}.Debug|x86.Build.0 = Debug|Any CPU
		{1740855A-EE40-4535-94C9-607DC207FC41}.Release|Any CPU.ActiveCfg = Release|Any CPU
		{1740855A-EE40-4535-94C9-607DC207FC41}.Release|Any CPU.Build.0 = Release|Any CPU
		{1740855A-EE40-4535-94C9-607DC207FC41}.Release|x86.ActiveCfg = Release|Any CPU
		{1740855A-EE40-4535-94C9-607DC207FC41}.Release|x86.Build.0 = Release|Any CPU
		{BBA84F4A-4CD6-4B2E-8A36-2D093FA53C2D}.Debug|Any CPU.ActiveCfg = Debug|Any CPU
		{BBA84F4A-4CD6-4B2E-8A36-2D093FA53C2D}.Debug|Any CPU.Build.0 = Debug|Any CPU
		{BBA84F4A-4CD6-4B2E-8A36-2D093FA53C2D}.Debug|x86.ActiveCfg = Debug|Any CPU
		{BBA84F4A-4CD6-4B2E-8A36-2D093FA53C2D}.Debug|x86.Build.0 = Debug|Any CPU
		{BBA84F4A-4CD6-4B2E-8A36-2D093FA53C2D}.Release|Any CPU.ActiveCfg = Release|Any CPU
		{BBA84F4A-4CD6-4B2E-8A36-2D093FA53C2D}.Release|Any CPU.Build.0 = Release|Any CPU
		{BBA84F4A-4CD6-4B2E-8A36-2D093FA53C2D}.Release|x86.ActiveCfg = Release|Any CPU
		{BBA84F4A-4CD6-4B2E-8A36-2D093FA53C2D}.Release|x86.Build.0 = Release|Any CPU
		{B730DB97-94EE-4C25-93C4-31238F63CD1B}.Debug|Any CPU.ActiveCfg = Debug|Any CPU
		{B730DB97-94EE-4C25-93C4-31238F63CD1B}.Debug|Any CPU.Build.0 = Debug|Any CPU
		{B730DB97-94EE-4C25-93C4-31238F63CD1B}.Debug|x86.ActiveCfg = Debug|Any CPU
		{B730DB97-94EE-4C25-93C4-31238F63CD1B}.Debug|x86.Build.0 = Debug|Any CPU
		{B730DB97-94EE-4C25-93C4-31238F63CD1B}.Release|Any CPU.ActiveCfg = Release|Any CPU
		{B730DB97-94EE-4C25-93C4-31238F63CD1B}.Release|Any CPU.Build.0 = Release|Any CPU
		{B730DB97-94EE-4C25-93C4-31238F63CD1B}.Release|x86.ActiveCfg = Release|Any CPU
		{B730DB97-94EE-4C25-93C4-31238F63CD1B}.Release|x86.Build.0 = Release|Any CPU
		{61C0E0BB-F724-4C16-9635-95DD359EDBE2}.Debug|Any CPU.ActiveCfg = Debug|Any CPU
		{61C0E0BB-F724-4C16-9635-95DD359EDBE2}.Debug|Any CPU.Build.0 = Debug|Any CPU
		{61C0E0BB-F724-4C16-9635-95DD359EDBE2}.Debug|x86.ActiveCfg = Debug|Any CPU
		{61C0E0BB-F724-4C16-9635-95DD359EDBE2}.Debug|x86.Build.0 = Debug|Any CPU
		{61C0E0BB-F724-4C16-9635-95DD359EDBE2}.Release|Any CPU.ActiveCfg = Release|Any CPU
		{61C0E0BB-F724-4C16-9635-95DD359EDBE2}.Release|Any CPU.Build.0 = Release|Any CPU
		{61C0E0BB-F724-4C16-9635-95DD359EDBE2}.Release|x86.ActiveCfg = Release|Any CPU
		{61C0E0BB-F724-4C16-9635-95DD359EDBE2}.Release|x86.Build.0 = Release|Any CPU
	EndGlobalSection
	GlobalSection(SolutionProperties) = preSolution
		HideSolutionNode = FALSE
	EndGlobalSection
	GlobalSection(ExtensibilityGlobals) = postSolution
		SolutionGuid = {190CD495-880C-47D7-8648-37C203EF6812}
	EndGlobalSection
EndGlobal
